{
  "meteor": {},
  "dependencies": {
    "basePackages": {
      "iron-router": {},
      "hammer": {},
      "blaze-layout": {}
    },
    "packages": {
      "iron-router": {
        "git": "https://github.com/EventedMind/iron-router.git",
        "branch": "dev"
      },
      "hammer": {
        "git": "https://github.com/noorderstorm/meteor-hammer.git",
        "tag": "v0.1.3",
        "commit": "1d37707c251c04c7d9b6023ba959b23c1f257c44"
      },
      "blaze-layout": {
        "git": "https://github.com/EventedMind/blaze-layout.git",
        "tag": "v0.2.1",
        "commit": "f52f416d6277f27b11832355298553e46b8cc6fd"
      }
    }
  }
}
